
Microsoft Visual Studio Solution File, Format Version 12.00
# Visual Studio Version 16
VisualStudioVersion = 16.0.30503.244
MinimumVisualStudioVersion = 10.0.40219.1
Project("{FAE04EC0-301F-11D3-BF4B-00C04F79EFBC}") = "MasGlobal", "MasGlobal\MasGlobal.csproj", "{F082A255-EE85-4E95-8483-2B1C74133370}"
EndProject
Project("{FAE04EC0-301F-11D3-BF4B-00C04F79EFBC}") = "MasGlobal.Tests", "MasGlobal.Tests\MasGlobal.Tests.csproj", "{50B4849C-E0F5-4B18-B858-BD54D364F83A}"
EndProject
Global
	GlobalSection(SolutionConfigurationPlatforms) = preSolution
		Debug|Any CPU = Debug|Any CPU
		Release|Any CPU = Release|Any CPU
	EndGlobalSection
	GlobalSection(ProjectConfigurationPlatforms) = postSolution
		{F082A255-EE85-4E95-8483-2B1C74133370}.Debug|Any CPU.ActiveCfg = Debug|Any CPU
		{F082A255-EE85-4E95-8483-2B1C74133370}.Debug|Any CPU.Build.0 = Debug|Any CPU
		{F082A255-EE85-4E95-8483-2B1C74133370}.Release|Any CPU.ActiveCfg = Release|Any CPU
		{F082A255-EE85-4E95-8483-2B1C74133370}.Release|Any CPU.Build.0 = Release|Any CPU
		{50B4849C-E0F5-4B18-B858-BD54D364F83A}.Debug|Any CPU.ActiveCfg = Debug|Any CPU
		{50B4849C-E0F5-4B18-B858-BD54D364F83A}.Debug|Any CPU.Build.0 = Debug|Any CPU
		{50B4849C-E0F5-4B18-B858-BD54D364F83A}.Release|Any CPU.ActiveCfg = Release|Any CPU
		{50B4849C-E0F5-4B18-B858-BD54D364F83A}.Release|Any CPU.Build.0 = Release|Any CPU
	EndGlobalSection
	GlobalSection(SolutionProperties) = preSolution
		HideSolutionNode = FALSE
	EndGlobalSection
	GlobalSection(ExtensibilityGlobals) = postSolution
		SolutionGuid = {EEDEB724-8830-4F9D-8903-E2C8B244EFB0}
	EndGlobalSection
EndGlobal
